// !$*UTF8*$!
{
	archiveVersion = 1;
	classes = {
	};
	objectVersion = 50;
	objects = {

/* Begin PBXBuildFile section */
		EC603A4422143E6D000A306F /* AppDelegate.swift in Sources */ = {isa = PBXBuildFile; fileRef = EC603A4322143E6D000A306F /* AppDelegate.swift */; };
		EC603A4622143E6D000A306F /* ViewController.swift in Sources */ = {isa = PBXBuildFile; fileRef = EC603A4522143E6D000A306F /* ViewController.swift */; };
		EC603A4922143E6D000A306F /* Main.storyboard in Resources */ = {isa = PBXBuildFile; fileRef = EC603A4722143E6D000A306F /* Main.storyboard */; };
		EC603A4B22143E6F000A306F /* Assets.xcassets in Resources */ = {isa = PBXBuildFile; fileRef = EC603A4A22143E6F000A306F /* Assets.xcassets */; };
		EC603A4E22143E6F000A306F /* LaunchScreen.storyboard in Resources */ = {isa = PBXBuildFile; fileRef = EC603A4C22143E6F000A306F /* LaunchScreen.storyboard */; };
		EC603A5922143E6F000A306F /* MyLocationsAppTests.swift in Sources */ = {isa = PBXBuildFile; fileRef = EC603A5822143E6F000A306F /* MyLocationsAppTests.swift */; };
		EC603A6422143E70000A306F /* MyLocationsAppUITests.swift in Sources */ = {isa = PBXBuildFile; fileRef = EC603A6322143E70000A306F /* MyLocationsAppUITests.swift */; };
/* End PBXBuildFile section */

/* Begin PBXContainerItemProxy section */
		EC603A5522143E6F000A306F /* PBXContainerItemProxy */ = {
			isa = PBXContainerItemProxy;
			containerPortal = EC603A3822143E6D000A306F /* Project object */;
			proxyType = 1;
			remoteGlobalIDString = EC603A3F22143E6D000A306F;
			remoteInfo = MyLocationsApp;
		};
		EC603A6022143E70000A306F /* PBXContainerItemProxy */ = {
			isa = PBXContainerItemProxy;
			containerPortal = EC603A3822143E6D000A306F /* Project object */;
			proxyType = 1;
			remoteGlobalIDString = EC603A3F22143E6D000A306F;
			remoteInfo = MyLocationsApp;
		};
/* End PBXContainerItemProxy section */

/* Begin PBXFileReference section */
		EC603A4022143E6D000A306F /* MyLocationsApp.app */ = {isa = PBXFileReference; explicitFileType = wrapper.application; includeInIndex = 0; path = MyLocationsApp.app; sourceTree = BUILT_PRODUCTS_DIR; };
		EC603A4322143E6D000A306F /* AppDelegate.swift */ = {isa = PBXFileReference; lastKnownFileType = sourcecode.swift; path = AppDelegate.swift; sourceTree = "<group>"; };
		EC603A4522143E6D000A306F /* ViewController.swift */ = {isa = PBXFileReference; lastKnownFileType = sourcecode.swift; path = ViewController.swift; sourceTree = "<group>"; };
		EC603A4822143E6D000A306F /* Base */ = {isa = PBXFileReference; lastKnownFileType = file.storyboard; name = Base; path = Base.lproj/Main.storyboard; sourceTree = "<group>"; };
		EC603A4A22143E6F000A306F /* Assets.xcassets */ = {isa = PBXFileReference; lastKnownFileType = folder.assetcatalog; path = Assets.xcassets; sourceTree = "<group>"; };
		EC603A4D22143E6F000A306F /* Base */ = {isa = PBXFileReference; lastKnownFileType = file.storyboard; name = Base; path = Base.lproj/LaunchScreen.storyboard; sourceTree = "<group>"; };
		EC603A4F22143E6F000A306F /* Info.plist */ = {isa = PBXFileReference; lastKnownFileType = text.plist.xml; path = Info.plist; sourceTree = "<group>"; };
		EC603A5422143E6F000A306F /* MyLocationsAppTests.xctest */ = {isa = PBXFileReference; explicitFileType = wrapper.cfbundle; includeInIndex = 0; path = MyLocationsAppTests.xctest; sourceTree = BUILT_PRODUCTS_DIR; };
		EC603A5822143E6F000A306F /* MyLocationsAppTests.swift */ = {isa = PBXFileReference; lastKnownFileType = sourcecode.swift; path = MyLocationsAppTests.swift; sourceTree = "<group>"; };
		EC603A5A22143E70000A306F /* Info.plist */ = {isa = PBXFileReference; lastKnownFileType = text.plist.xml; path = Info.plist; sourceTree = "<group>"; };
		EC603A5F22143E70000A306F /* MyLocationsAppUITests.xctest */ = {isa = PBXFileReference; explicitFileType = wrapper.cfbundle; includeInIndex = 0; path = MyLocationsAppUITests.xctest; sourceTree = BUILT_PRODUCTS_DIR; };
		EC603A6322143E70000A306F /* MyLocationsAppUITests.swift */ = {isa = PBXFileReference; lastKnownFileType = sourcecode.swift; path = MyLocationsAppUITests.swift; sourceTree = "<group>"; };
		EC603A6522143E70000A306F /* Info.plist */ = {isa = PBXFileReference; lastKnownFileType = text.plist.xml; path = Info.plist; sourceTree = "<group>"; };
/* End PBXFileReference section */

/* Begin PBXFrameworksBuildPhase section */
		EC603A3D22143E6D000A306F /* Frameworks */ = {
			isa = PBXFrameworksBuildPhase;
			buildActionMask = 2147483647;
			files = (
			);
			runOnlyForDeploymentPostprocessing = 0;
		};
		EC603A5122143E6F000A306F /* Frameworks */ = {
			isa = PBXFrameworksBuildPhase;
			buildActionMask = 2147483647;
			files = (
			);
			runOnlyForDeploymentPostprocessing = 0;
		};
		EC603A5C22143E70000A306F /* Frameworks */ = {
			isa = PBXFrameworksBuildPhase;
			buildActionMask = 2147483647;
			files = (
			);
			runOnlyForDeploymentPostprocessing = 0;
		};
/* End PBXFrameworksBuildPhase section */

/* Begin PBXGroup section */
		EC603A3722143E6D000A306F = {
			isa = PBXGroup;
			children = (
				EC603A4222143E6D000A306F /* MyLocationsApp */,
				EC603A5722143E6F000A306F /* MyLocationsAppTests */,
				EC603A6222143E70000A306F /* MyLocationsAppUITests */,
				EC603A4122143E6D000A306F /* Products */,
			);
			sourceTree = "<group>";
		};
		EC603A4122143E6D000A306F /* Products */ = {
			isa = PBXGroup;
			children = (
				EC603A4022143E6D000A306F /* MyLocationsApp.app */,
				EC603A5422143E6F000A306F /* MyLocationsAppTests.xctest */,
				EC603A5F22143E70000A306F /* MyLocationsAppUITests.xctest */,
			);
			name = Products;
			sourceTree = "<group>";
		};
		EC603A4222143E6D000A306F /* MyLocationsApp */ = {
			isa = PBXGroup;
			children = (
				EC603A4322143E6D000A306F /* AppDelegate.swift */,
				EC603A4522143E6D000A306F /* ViewController.swift */,
				EC603A4722143E6D000A306F /* Main.storyboard */,
				EC603A4A22143E6F000A306F /* Assets.xcassets */,
				EC603A4C22143E6F000A306F /* LaunchScreen.storyboard */,
				EC603A4F22143E6F000A306F /* Info.plist */,
			);
			path = MyLocationsApp;
			sourceTree = "<group>";
		};
		EC603A5722143E6F000A306F /* MyLocationsAppTests */ = {
			isa = PBXGroup;
			children = (
				EC603A5822143E6F000A306F /* MyLocationsAppTests.swift */,
				EC603A5A22143E70000A306F /* Info.plist */,
			);
			path = MyLocationsAppTests;
			sourceTree = "<group>";
		};
		EC603A6222143E70000A306F /* MyLocationsAppUITests */ = {
			isa = PBXGroup;
			children = (
				EC603A6322143E70000A306F /* MyLocationsAppUITests.swift */,
				EC603A6522143E70000A306F /* Info.plist */,
			);
			path = MyLocationsAppUITests;
			sourceTree = "<group>";
		};
/* End PBXGroup section */

/* Begin PBXNativeTarget section */
		EC603A3F22143E6D000A306F /* MyLocationsApp */ = {
			isa = PBXNativeTarget;
			buildConfigurationList = EC603A6822143E70000A306F /* Build configuration list for PBXNativeTarget "MyLocationsApp" */;
			buildPhases = (
				EC603A3C22143E6D000A306F /* Sources */,
				EC603A3D22143E6D000A306F /* Frameworks */,
				EC603A3E22143E6D000A306F /* Resources */,
			);
			buildRules = (
			);
			dependencies = (
			);
			name = MyLocationsApp;
			productName = MyLocationsApp;
			productReference = EC603A4022143E6D000A306F /* MyLocationsApp.app */;
			productType = "com.apple.product-type.application";
		};
		EC603A5322143E6F000A306F /* MyLocationsAppTests */ = {
			isa = PBXNativeTarget;
			buildConfigurationList = EC603A6B22143E70000A306F /* Build configuration list for PBXNativeTarget "MyLocationsAppTests" */;
			buildPhases = (
				EC603A5022143E6F000A306F /* Sources */,
				EC603A5122143E6F000A306F /* Frameworks */,
				EC603A5222143E6F000A306F /* Resources */,
			);
			buildRules = (
			);
			dependencies = (
				EC603A5622143E6F000A306F /* PBXTargetDependency */,
			);
			name = MyLocationsAppTests;
			productName = MyLocationsAppTests;
			productReference = EC603A5422143E6F000A306F /* MyLocationsAppTests.xctest */;
			productType = "com.apple.product-type.bundle.unit-test";
		};
		EC603A5E22143E70000A306F /* MyLocationsAppUITests */ = {
			isa = PBXNativeTarget;
			buildConfigurationList = EC603A6E22143E70000A306F /* Build configuration list for PBXNativeTarget "MyLocationsAppUITests" */;
			buildPhases = (
				EC603A5B22143E70000A306F /* Sources */,
				EC603A5C22143E70000A306F /* Frameworks */,
				EC603A5D22143E70000A306F /* Resources */,
			);
			buildRules = (
			);
			dependencies = (
				EC603A6122143E70000A306F /* PBXTargetDependency */,
			);
			name = MyLocationsAppUITests;
			productName = MyLocationsAppUITests;
			productReference = EC603A5F22143E70000A306F /* MyLocationsAppUITests.xctest */;
			productType = "com.apple.product-type.bundle.ui-testing";
		};
/* End PBXNativeTarget section */

/* Begin PBXProject section */
		EC603A3822143E6D000A306F /* Project object */ = {
			isa = PBXProject;
			attributes = {
				LastSwiftUpdateCheck = 1010;
				LastUpgradeCheck = 1010;
				ORGANIZATIONNAME = Trainee;
				TargetAttributes = {
					EC603A3F22143E6D000A306F = {
						CreatedOnToolsVersion = 10.1;
					};
					EC603A5322143E6F000A306F = {
						CreatedOnToolsVersion = 10.1;
						TestTargetID = EC603A3F22143E6D000A306F;
					};
					EC603A5E22143E70000A306F = {
						CreatedOnToolsVersion = 10.1;
						TestTargetID = EC603A3F22143E6D000A306F;
					};
				};
			};
			buildConfigurationList = EC603A3B22143E6D000A306F /* Build configuration list for PBXProject "MyLocationsApp" */;
			compatibilityVersion = "Xcode 9.3";
			developmentRegion = en;
			hasScannedForEncodings = 0;
			knownRegions = (
				en,
				Base,
			);
			mainGroup = EC603A3722143E6D000A306F;
			productRefGroup = EC603A4122143E6D000A306F /* Products */;
			projectDirPath = "";
			projectRoot = "";
			targets = (
				EC603A3F22143E6D000A306F /* MyLocationsApp */,
				EC603A5322143E6F000A306F /* MyLocationsAppTests */,
				EC603A5E22143E70000A306F /* MyLocationsAppUITests */,
			);
		};
/* End PBXProject section */

/* Begin PBXResourcesBuildPhase section */
		EC603A3E22143E6D000A306F /* Resources */ = {
			isa = PBXResourcesBuildPhase;
			buildActionMask = 2147483647;
			files = (
				EC603A4E22143E6F000A306F /* LaunchScreen.storyboard in Resources */,
				EC603A4B22143E6F000A306F /* Assets.xcassets in Resources */,
				EC603A4922143E6D000A306F /* Main.storyboard in Resources */,
			);
			runOnlyForDeploymentPostprocessing = 0;
		};
		EC603A5222143E6F000A306F /* Resources */ = {
			isa = PBXResourcesBuildPhase;
			buildActionMask = 2147483647;
			files = (
			);
			runOnlyForDeploymentPostprocessing = 0;
		};
		EC603A5D22143E70000A306F /* Resources */ = {
			isa = PBXResourcesBuildPhase;
			buildActionMask = 2147483647;
			files = (
			);
			runOnlyForDeploymentPostprocessing = 0;
		};
/* End PBXResourcesBuildPhase section */

/* Begin PBXSourcesBuildPhase section */
		EC603A3C22143E6D000A306F /* Sources */ = {
			isa = PBXSourcesBuildPhase;
			buildActionMask = 2147483647;
			files = (
				EC603A4622143E6D000A306F /* ViewController.swift in Sources */,
				EC603A4422143E6D000A306F /* AppDelegate.swift in Sources */,
			);
			runOnlyForDeploymentPostprocessing = 0;
		};
		EC603A5022143E6F000A306F /* Sources */ = {
			isa = PBXSourcesBuildPhase;
			buildActionMask = 2147483647;
			files = (
				EC603A5922143E6F000A306F /* MyLocationsAppTests.swift in Sources */,
			);
			runOnlyForDeploymentPostprocessing = 0;
		};
		EC603A5B22143E70000A306F /* Sources */ = {
			isa = PBXSourcesBuildPhase;
			buildActionMask = 2147483647;
			files = (
				EC603A6422143E70000A306F /* MyLocationsAppUITests.swift in Sources */,
			);
			runOnlyForDeploymentPostprocessing = 0;
		};
/* End PBXSourcesBuildPhase section */

/* Begin PBXTargetDependency section */
		EC603A5622143E6F000A306F /* PBXTargetDependency */ = {
			isa = PBXTargetDependency;
			target = EC603A3F22143E6D000A306F /* MyLocationsApp */;
			targetProxy = EC603A5522143E6F000A306F /* PBXContainerItemProxy */;
		};
		EC603A6122143E70000A306F /* PBXTargetDependency */ = {
			isa = PBXTargetDependency;
			target = EC603A3F22143E6D000A306F /* MyLocationsApp */;
			targetProxy = EC603A6022143E70000A306F /* PBXContainerItemProxy */;
		};
/* End PBXTargetDependency section */

/* Begin PBXVariantGroup section */
		EC603A4722143E6D000A306F /* Main.storyboard */ = {
			isa = PBXVariantGroup;
			children = (
				EC603A4822143E6D000A306F /* Base */,
			);
			name = Main.storyboard;
			sourceTree = "<group>";
		};
		EC603A4C22143E6F000A306F /* LaunchScreen.storyboard */ = {
			isa = PBXVariantGroup;
			children = (
				EC603A4D22143E6F000A306F /* Base */,
			);
			name = LaunchScreen.storyboard;
			sourceTree = "<group>";
		};
/* End PBXVariantGroup section */

/* Begin XCBuildConfiguration section */
		EC603A6622143E70000A306F /* Debug */ = {
			isa = XCBuildConfiguration;
			buildSettings = {
				ALWAYS_SEARCH_USER_PATHS = NO;
				CLANG_ANALYZER_NONNULL = YES;
				CLANG_ANALYZER_NUMBER_OBJECT_CONVERSION = YES_AGGRESSIVE;
				CLANG_CXX_LANGUAGE_STANDARD = "gnu++14";
				CLANG_CXX_LIBRARY = "libc++";
				CLANG_ENABLE_MODULES = YES;
				CLANG_ENABLE_OBJC_ARC = YES;
				CLANG_ENABLE_OBJC_WEAK = YES;
				CLANG_WARN_BLOCK_CAPTURE_AUTORELEASING = YES;
				CLANG_WARN_BOOL_CONVERSION = YES;
				CLANG_WARN_COMMA = YES;
				CLANG_WARN_CONSTANT_CONVERSION = YES;
				CLANG_WARN_DEPRECATED_OBJC_IMPLEMENTATIONS = YES;
				CLANG_WARN_DIRECT_OBJC_ISA_USAGE = YES_ERROR;
				CLANG_WARN_DOCUMENTATION_COMMENTS = YES;
				CLANG_WARN_EMPTY_BODY = YES;
				CLANG_WARN_ENUM_CONVERSION = YES;
				CLANG_WARN_INFINITE_RECURSION = YES;
				CLANG_WARN_INT_CONVERSION = YES;
				CLANG_WARN_NON_LITERAL_NULL_CONVERSION = YES;
				CLANG_WARN_OBJC_IMPLICIT_RETAIN_SELF = YES;
				CLANG_WARN_OBJC_LITERAL_CONVERSION = YES;
				CLANG_WARN_OBJC_ROOT_CLASS = YES_ERROR;
				CLANG_WARN_RANGE_LOOP_ANALYSIS = YES;
				CLANG_WARN_STRICT_PROTOTYPES = YES;
				CLANG_WARN_SUSPICIOUS_MOVE = YES;
				CLANG_WARN_UNGUARDED_AVAILABILITY = YES_AGGRESSIVE;
				CLANG_WARN_UNREACHABLE_CODE = YES;
				CLANG_WARN__DUPLICATE_METHOD_MATCH = YES;
				CODE_SIGN_IDENTITY = "iPhone Developer";
				COPY_PHASE_STRIP = NO;
				DEBUG_INFORMATION_FORMAT = dwarf;
				ENABLE_STRICT_OBJC_MSGSEND = YES;
				ENABLE_TESTABILITY = YES;
				GCC_C_LANGUAGE_STANDARD = gnu11;
				GCC_DYNAMIC_NO_PIC = NO;
				GCC_NO_COMMON_BLOCKS = YES;
				GCC_OPTIMIZATION_LEVEL = 0;
				GCC_PREPROCESSOR_DEFINITIONS = (
					"DEBUG=1",
					"$(inherited)",
				);
				GCC_WARN_64_TO_32_BIT_CONVERSION = YES;
				GCC_WARN_ABOUT_RETURN_TYPE = YES_ERROR;
				GCC_WARN_UNDECLARED_SELECTOR = YES;
				GCC_WARN_UNINITIALIZED_AUTOS = YES_AGGRESSIVE;
				GCC_WARN_UNUSED_FUNCTION = YES;
				GCC_WARN_UNUSED_VARIABLE = YES;
				IPHONEOS_DEPLOYMENT_TARGET = 12.1;
				MTL_ENABLE_DEBUG_INFO = INCLUDE_SOURCE;
				MTL_FAST_MATH = YES;
				ONLY_ACTIVE_ARCH = YES;
				SDKROOT = iphoneos;
				SWIFT_ACTIVE_COMPILATION_CONDITIONS = DEBUG;
				SWIFT_OPTIMIZATION_LEVEL = "-Onone";
			};
			name = Debug;
		};
		EC603A6722143E70000A306F /* Release */ = {
			isa = XCBuildConfiguration;
			buildSettings = {
				ALWAYS_SEARCH_USER_PATHS = NO;
				CLANG_ANALYZER_NONNULL = YES;
				CLANG_ANALYZER_NUMBER_OBJECT_CONVERSION = YES_AGGRESSIVE;
				CLANG_CXX_LANGUAGE_STANDARD = "gnu++14";
				CLANG_CXX_LIBRARY = "libc++";
				CLANG_ENABLE_MODULES = YES;
				CLANG_ENABLE_OBJC_ARC = YES;
				CLANG_ENABLE_OBJC_WEAK = YES;
				CLANG_WARN_BLOCK_CAPTURE_AUTORELEASING = YES;
				CLANG_WARN_BOOL_CONVERSION = YES;
				CLANG_WARN_COMMA = YES;
				CLANG_WARN_CONSTANT_CONVERSION = YES;
				CLANG_WARN_DEPRECATED_OBJC_IMPLEMENTATIONS = YES;
				CLANG_WARN_DIRECT_OBJC_ISA_USAGE = YES_ERROR;
				CLANG_WARN_DOCUMENTATION_COMMENTS = YES;
				CLANG_WARN_EMPTY_BODY = YES;
				CLANG_WARN_ENUM_CONVERSION = YES;
				CLANG_WARN_INFINITE_RECURSION = YES;
				CLANG_WARN_INT_CONVERSION = YES;
				CLANG_WARN_NON_LITERAL_NULL_CONVERSION = YES;
				CLANG_WARN_OBJC_IMPLICIT_RETAIN_SELF = YES;
				CLANG_WARN_OBJC_LITERAL_CONVERSION = YES;
				CLANG_WARN_OBJC_ROOT_CLASS = YES_ERROR;
				CLANG_WARN_RANGE_LOOP_ANALYSIS = YES;
				CLANG_WARN_STRICT_PROTOTYPES = YES;
				CLANG_WARN_SUSPICIOUS_MOVE = YES;
				CLANG_WARN_UNGUARDED_AVAILABILITY = YES_AGGRESSIVE;
				CLANG_WARN_UNREACHABLE_CODE = YES;
				CLANG_WARN__DUPLICATE_METHOD_MATCH = YES;
				CODE_SIGN_IDENTITY = "iPhone Developer";
				COPY_PHASE_STRIP = NO;
				DEBUG_INFORMATION_FORMAT = "dwarf-with-dsym";
				ENABLE_NS_ASSERTIONS = NO;
				ENABLE_STRICT_OBJC_MSGSEND = YES;
				GCC_C_LANGUAGE_STANDARD = gnu11;
				GCC_NO_COMMON_BLOCKS = YES;
				GCC_WARN_64_TO_32_BIT_CONVERSION = YES;
				GCC_WARN_ABOUT_RETURN_TYPE = YES_ERROR;
				GCC_WARN_UNDECLARED_SELECTOR = YES;
				GCC_WARN_UNINITIALIZED_AUTOS = YES_AGGRESSIVE;
				GCC_WARN_UNUSED_FUNCTION = YES;
				GCC_WARN_UNUSED_VARIABLE = YES;
				IPHONEOS_DEPLOYMENT_TARGET = 12.1;
				MTL_ENABLE_DEBUG_INFO = NO;
				MTL_FAST_MATH = YES;
				SDKROOT = iphoneos;
				SWIFT_COMPILATION_MODE = wholemodule;
				SWIFT_OPTIMIZATION_LEVEL = "-O";
				VALIDATE_PRODUCT = YES;
			};
			name = Release;
		};
		EC603A6922143E70000A306F /* Debug */ = {
			isa = XCBuildConfiguration;
			buildSettings = {
				ASSETCATALOG_COMPILER_APPICON_NAME = AppIcon;
				CODE_SIGN_STYLE = Automatic;
				INFOPLIST_FILE = MyLocationsApp/Info.plist;
				LD_RUNPATH_SEARCH_PATHS = (
					"$(inherited)",
					"@executable_path/Frameworks",
				);
				PRODUCT_BUNDLE_IDENTIFIER = dev.MyLocationsApp;
				PRODUCT_NAME = "$(TARGET_NAME)";
				SWIFT_VERSION = 4.2;
				TARGETED_DEVICE_FAMILY = "1,2";
			};
			name = Debug;
		};
		EC603A6A22143E70000A306F /* Release */ = {
			isa = XCBuildConfiguration;
			buildSettings = {
				ASSETCATALOG_COMPILER_APPICON_NAME = AppIcon;
				CODE_SIGN_STYLE = Automatic;
				INFOPLIST_FILE = MyLocationsApp/Info.plist;
				LD_RUNPATH_SEARCH_PATHS = (
					"$(inherited)",
					"@executable_path/Frameworks",
				);
				PRODUCT_BUNDLE_IDENTIFIER = dev.MyLocationsApp;
				PRODUCT_NAME = "$(TARGET_NAME)";
				SWIFT_VERSION = 4.2;
				TARGETED_DEVICE_FAMILY = "1,2";
			};
			name = Release;
		};
		EC603A6C22143E70000A306F /* Debug */ = {
			isa = XCBuildConfiguration;
			buildSettings = {
				ALWAYS_EMBED_SWIFT_STANDARD_LIBRARIES = YES;
				BUNDLE_LOADER = "$(TEST_HOST)";
				CODE_SIGN_STYLE = Automatic;
				INFOPLIST_FILE = MyLocationsAppTests/Info.plist;
				LD_RUNPATH_SEARCH_PATHS = (
					"$(inherited)",
					"@executable_path/Frameworks",
					"@loader_path/Frameworks",
				);
				PRODUCT_BUNDLE_IDENTIFIER = dev.MyLocationsAppTests;
				PRODUCT_NAME = "$(TARGET_NAME)";
				SWIFT_VERSION = 4.2;
				TARGETED_DEVICE_FAMILY = "1,2";
				TEST_HOST = "$(BUILT_PRODUCTS_DIR)/MyLocationsApp.app/MyLocationsApp";
			};
			name = Debug;
		};
		EC603A6D22143E70000A306F /* Release */ = {
			isa = XCBuildConfiguration;
			buildSettings = {
				ALWAYS_EMBED_SWIFT_STANDARD_LIBRARIES = YES;
				BUNDLE_LOADER = "$(TEST_HOST)";
				CODE_SIGN_STYLE = Automatic;
				INFOPLIST_FILE = MyLocationsAppTests/Info.plist;
				LD_RUNPATH_SEARCH_PATHS = (
					"$(inherited)",
					"@executable_path/Frameworks",
					"@loader_path/Frameworks",
				);
				PRODUCT_BUNDLE_IDENTIFIER = dev.MyLocationsAppTests;
				PRODUCT_NAME = "$(TARGET_NAME)";
				SWIFT_VERSION = 4.2;
				TARGETED_DEVICE_FAMILY = "1,2";
				TEST_HOST = "$(BUILT_PRODUCTS_DIR)/MyLocationsApp.app/MyLocationsApp";
			};
			name = Release;
		};
		EC603A6F22143E70000A306F /* Debug */ = {
			isa = XCBuildConfiguration;
			buildSettings = {
				ALWAYS_EMBED_SWIFT_STANDARD_LIBRARIES = YES;
				CODE_SIGN_STYLE = Automatic;
				INFOPLIST_FILE = MyLocationsAppUITests/Info.plist;
				LD_RUNPATH_SEARCH_PATHS = (
					"$(inherited)",
					"@executable_path/Frameworks",
					"@loader_path/Frameworks",
				);
				PRODUCT_BUNDLE_IDENTIFIER = dev.MyLocationsAppUITests;
				PRODUCT_NAME = "$(TARGET_NAME)";
				SWIFT_VERSION = 4.2;
				TARGETED_DEVICE_FAMILY = "1,2";
				TEST_TARGET_NAME = MyLocationsApp;
			};
			name = Debug;
		};
		EC603A7022143E70000A306F /* Release */ = {
			isa = XCBuildConfiguration;
			buildSettings = {
				ALWAYS_EMBED_SWIFT_STANDARD_LIBRARIES = YES;
				CODE_SIGN_STYLE = Automatic;
				INFOPLIST_FILE = MyLocationsAppUITests/Info.plist;
				LD_RUNPATH_SEARCH_PATHS = (
					"$(inherited)",
					"@executable_path/Frameworks",
					"@loader_path/Frameworks",
				);
				PRODUCT_BUNDLE_IDENTIFIER = dev.MyLocationsAppUITests;
				PRODUCT_NAME = "$(TARGET_NAME)";
				SWIFT_VERSION = 4.2;
				TARGETED_DEVICE_FAMILY = "1,2";
				TEST_TARGET_NAME = MyLocationsApp;
			};
			name = Release;
		};
/* End XCBuildConfiguration section */

/* Begin XCConfigurationList section */
		EC603A3B22143E6D000A306F /* Build configuration list for PBXProject "MyLocationsApp" */ = {
			isa = XCConfigurationList;
			buildConfigurations = (
				EC603A6622143E70000A306F /* Debug */,
				EC603A6722143E70000A306F /* Release */,
			);
			defaultConfigurationIsVisible = 0;
			defaultConfigurationName = Release;
		};
		EC603A6822143E70000A306F /* Build configuration list for PBXNativeTarget "MyLocationsApp" */ = {
			isa = XCConfigurationList;
			buildConfigurations = (
				EC603A6922143E70000A306F /* Debug */,
				EC603A6A22143E70000A306F /* Release */,
			);
			defaultConfigurationIsVisible = 0;
			defaultConfigurationName = Release;
		};
		EC603A6B22143E70000A306F /* Build configuration list for PBXNativeTarget "MyLocationsAppTests" */ = {
			isa = XCConfigurationList;
			buildConfigurations = (
				EC603A6C22143E70000A306F /* Debug */,
				EC603A6D22143E70000A306F /* Release */,
			);
			defaultConfigurationIsVisible = 0;
			defaultConfigurationName = Release;
		};
		EC603A6E22143E70000A306F /* Build configuration list for PBXNativeTarget "MyLocationsAppUITests" */ = {
			isa = XCConfigurationList;
			buildConfigurations = (
				EC603A6F22143E70000A306F /* Debug */,
				EC603A7022143E70000A306F /* Release */,
			);
			defaultConfigurationIsVisible = 0;
			defaultConfigurationName = Release;
		};
/* End XCConfigurationList section */
	};
	rootObject = EC603A3822143E6D000A306F /* Project object */;
}
